{
  "projects": [
    {
      "projectId": "r3ASNrnyvLLLAtDvzUioQ",
      "version": "4.6.0",
      "dependencies": {},
      "lang": "ts",
      "fileLocks": [
        {
          "assetId": "r3ASNrnyvLLLAtDvzUioQ",
          "type": "projectCss",
          "checksum": "e1ec850476829c38b0f9b6d4f7ac446a"
        }
      ],
      "codegenVersion": "0.0.1"
    },
    {
      "projectId": "caTPwKxj5ZrD9LQ7DMdK4Z",
      "version": "3.38.0",
      "dependencies": {},
      "lang": "ts",
      "fileLocks": [
        {
          "assetId": "caTPwKxj5ZrD9LQ7DMdK4Z",
          "type": "projectCss",
          "checksum": "e1ec850476829c38b0f9b6d4f7ac446a"
        }
      ],
      "codegenVersion": "0.0.1"
    },
    {
      "projectId": "ohDidvG9XsCeFumugENU3J",
      "version": "6.26.0",
      "dependencies": {},
      "lang": "ts",
      "fileLocks": [
        {
          "assetId": "ohDidvG9XsCeFumugENU3J",
          "type": "projectCss",
          "checksum": "fd83b730367fdbde2c69bc6cf31c2a3c"
        },
        {
          "assetId": "ohDidvG9XsCeFumugENU3J",
          "checksum": "de0a0e65174a6a185a8f822af51c6bdd",
          "type": "globalContexts"
        }
      ],
      "codegenVersion": "0.0.1"
    },
    {
      "projectId": "YUiM7yqBWAqsh8KSnrdj7",
      "version": "0.31.0",
      "dependencies": {},
      "lang": "ts",
      "fileLocks": [
        {
          "assetId": "YUiM7yqBWAqsh8KSnrdj7",
          "type": "projectCss",
          "checksum": "dac72600b04b6e6a3014e82512a15fe1"
        }
      ],
      "codegenVersion": "0.0.1"
    },
    {
      "projectId": "p1fHvJbiLdgzRrAS359KQb",
      "version": "9.7.2",
      "dependencies": {
        "caTPwKxj5ZrD9LQ7DMdK4Z": "3.38.0",
        "r3ASNrnyvLLLAtDvzUioQ": "4.6.0"
      },
      "lang": "ts",
      "fileLocks": [
        {
          "type": "globalVariant",
          "assetId": "J8mi7ZG-qDQt",
          "checksum": "38c54d15c1fc360088448fe788319029"
        },
        {
          "assetId": "p1fHvJbiLdgzRrAS359KQb",
          "type": "projectCss",
          "checksum": "032391d715e88b4492f14c37c8c1c091"
        },
        {
          "type": "renderModule",
          "assetId": "8Pe_x-tsspwf",
          "checksum": "ef24ddd0af82aecb7d552d0c7d114392"
        },
        {
          "type": "cssRules",
          "assetId": "8Pe_x-tsspwf",
          "checksum": "ef24ddd0af82aecb7d552d0c7d114392"
        },
        {
          "type": "renderModule",
          "assetId": "1xSpHr0lC9O3",
          "checksum": "508d1fd5897e1ed97c49531f716c21db"
        },
        {
          "type": "cssRules",
          "assetId": "1xSpHr0lC9O3",
          "checksum": "508d1fd5897e1ed97c49531f716c21db"
        },
        {
          "type": "renderModule",
          "assetId": "W8g1z9kFPMYL",
          "checksum": "411fea391a2b70bcfb4440ead6dcb54a"
        },
        {
          "type": "cssRules",
          "assetId": "W8g1z9kFPMYL",
          "checksum": "411fea391a2b70bcfb4440ead6dcb54a"
        },
        {
          "type": "renderModule",
          "assetId": "99pKO0LKqxZl",
          "checksum": "26a246cad06553919bcab130df51bbd4"
        },
        {
          "type": "cssRules",
          "assetId": "99pKO0LKqxZl",
          "checksum": "26a246cad06553919bcab130df51bbd4"
        },
        {
          "type": "renderModule",
          "assetId": "ZyeNfPf0ahk3",
          "checksum": "a1f87e70131871b285976e1209725889"
        },
        {
          "type": "cssRules",
          "assetId": "ZyeNfPf0ahk3",
          "checksum": "a1f87e70131871b285976e1209725889"
        },
        {
          "type": "renderModule",
          "assetId": "T8QryWKJz10k",
          "checksum": "11596377f19e17ffd13cf509f1b492b4"
        },
        {
          "type": "cssRules",
          "assetId": "T8QryWKJz10k",
          "checksum": "11596377f19e17ffd13cf509f1b492b4"
        },
        {
          "type": "renderModule",
          "assetId": "68vzBgIlCkRh",
          "checksum": "003c1783dd8541943decdcef66334202"
        },
        {
          "type": "cssRules",
          "assetId": "68vzBgIlCkRh",
          "checksum": "003c1783dd8541943decdcef66334202"
        },
        {
          "type": "renderModule",
          "assetId": "Bp6sJsd6cahw",
          "checksum": "76e743b867322d4879b07e5c96c5f083"
        },
        {
          "type": "cssRules",
          "assetId": "Bp6sJsd6cahw",
          "checksum": "76e743b867322d4879b07e5c96c5f083"
        },
        {
          "type": "renderModule",
          "assetId": "pcsAUbwKNKaq",
          "checksum": "cc41f154b0880ea2aef68ea929e5e3ee"
        },
        {
          "type": "cssRules",
          "assetId": "pcsAUbwKNKaq",
          "checksum": "cc41f154b0880ea2aef68ea929e5e3ee"
        },
        {
          "type": "renderModule",
          "assetId": "bLLuP-g3TByg",
          "checksum": "ab6f5c6d4d0c3c0603af65d40c2757ff"
        },
        {
          "type": "cssRules",
          "assetId": "bLLuP-g3TByg",
          "checksum": "ab6f5c6d4d0c3c0603af65d40c2757ff"
        },
        {
          "type": "renderModule",
          "assetId": "8ZE8W4PT1ugo",
          "checksum": "a709546251ba0afa8208cb12235b644b"
        },
        {
          "type": "cssRules",
          "assetId": "8ZE8W4PT1ugo",
          "checksum": "a709546251ba0afa8208cb12235b644b"
        },
        {
          "type": "renderModule",
          "assetId": "R9Ke9i1r-gBN",
          "checksum": "8bf2ff83405468df0826002db6831e01"
        },
        {
          "type": "cssRules",
          "assetId": "R9Ke9i1r-gBN",
          "checksum": "8bf2ff83405468df0826002db6831e01"
        },
        {
          "type": "icon",
          "assetId": "-OQVJrKbrN0g",
          "checksum": "a98eaec36d5ab765ef6c35c3007003d3"
        },
        {
          "type": "icon",
          "assetId": "0jAhGIZlH8KU",
          "checksum": "173023a1c4a1f5e614660d2c4d740a31"
        },
        {
          "type": "icon",
          "assetId": "DaWV1PCR2Buu",
          "checksum": "511981e7cd0fe3b4bbddc635be5bfccc"
        },
        {
          "type": "icon",
          "assetId": "R4-OmyckuvVt",
          "checksum": "0c24aa3f6912502f01e8a4ca5e34dbe9"
        },
        {
          "type": "icon",
          "assetId": "VRDpB24VTko4",
          "checksum": "84e0a7f11da347d56bc3f0f7494cb540"
        },
        {
          "type": "icon",
          "assetId": "cTfdGGl2vFYW",
          "checksum": "5faf7adea345ec674268c88563d7072f"
        },
        {
          "type": "icon",
          "assetId": "COmtY7Ws3n1h",
          "checksum": "20f8ebfab293cfc629879068d0ba4aef"
        },
        {
          "type": "icon",
          "assetId": "TKXryWGmI8mL",
          "checksum": "9cd13035f2d1aaa2e50c7a0339a1f7cc"
        },
        {
          "type": "icon",
          "assetId": "5GjgS6x-Em5R",
          "checksum": "f3606402490e14b77095c2e1d20ff857"
        },
        {
          "type": "icon",
          "assetId": "Ldzq7nig1X5H",
          "checksum": "ab26115ca27b84699d25d716eed15476"
        },
        {
          "type": "icon",
          "assetId": "oaMMB3frH_RL",
          "checksum": "3f3b9f68de764282264f53f8a76123a7"
        },
        {
          "type": "icon",
          "assetId": "t9sC6TC3j5wg",
          "checksum": "a4b6be232ed3841dedcb45ace8569a92"
        },
        {
          "type": "icon",
          "assetId": "GocyRsX1q6El",
          "checksum": "5a34f6ee2ae5d41b89df4faa1a986d9e"
        },
        {
          "type": "icon",
          "assetId": "Aos-gABIn8iM",
          "checksum": "f7ff4eb7f3dd574215e0c59ae00d94a6"
        },
        {
          "type": "icon",
          "assetId": "FAmpRlQgGnEr",
          "checksum": "77d978738ff5234b408c0e2681fd7509"
        },
        {
          "type": "icon",
          "assetId": "dAsCDgVdv1gk",
          "checksum": "fb5875d0764c512b0284468df3c9fac2"
        },
        {
          "type": "icon",
          "assetId": "O3vPGdReatDx",
          "checksum": "edc9468757906fcaaec7c77c832ea18a"
        },
        {
          "type": "icon",
          "assetId": "gdit3-ualAYz",
          "checksum": "d5576f8f5bce96cafd85af73392b1dc2"
        },
        {
          "type": "icon",
          "assetId": "Frkjy_DO1DOF",
          "checksum": "566de7927b6e398a15b34890bb969c12"
        },
        {
          "type": "icon",
          "assetId": "ALvNmJ9-dvXf",
          "checksum": "903d212688e3f2dfa7ce4b9930379109"
        },
        {
          "type": "icon",
          "assetId": "soMeJs7g82yp",
          "checksum": "a4b78d44dff9cf1e624495acb9bd3ea9"
        },
        {
          "type": "icon",
          "assetId": "WzptSHFTLujb",
          "checksum": "f7c0381952b2750247a15a41e65b32d6"
        },
        {
          "type": "icon",
          "assetId": "5t-tCjtEEjMj",
          "checksum": "d765ff6c697988c13f5c16c29ff6484f"
        },
        {
          "type": "icon",
          "assetId": "YWfRW32G58V0",
          "checksum": "44153e7ba75068dbfc48b6dc67f85d40"
        },
        {
          "type": "image",
          "assetId": "HTiEmlIuynGr",
          "checksum": "2a7c3f0d31b25f0fc6baed9753e58d97"
        },
        {
          "type": "image",
          "assetId": "kKnVTm2hVoR1",
          "checksum": "fce6978193844ab2fc31b1174b8efd54"
        }
      ],
      "codegenVersion": "0.0.1"
    },
    {
      "projectId": "i2nNPeRNQPEP9BPre46c64",
      "version": "latest",
      "dependencies": {
        "p1fHvJbiLdgzRrAS359KQb": "9.7.2",
        "caTPwKxj5ZrD9LQ7DMdK4Z": "3.38.0",
        "r3ASNrnyvLLLAtDvzUioQ": "4.6.0",
        "YUiM7yqBWAqsh8KSnrdj7": "0.31.0",
        "ohDidvG9XsCeFumugENU3J": "6.26.0"
      },
      "lang": "ts",
      "fileLocks": [
        {
          "type": "globalVariant",
          "assetId": "ErVjpjmi6aE4",
          "checksum": "343c72684eb7e36146683456d2efbafe"
        },
        {
          "assetId": "i2nNPeRNQPEP9BPre46c64",
          "checksum": "57f7503480ca76850722ff7e78a4fbef",
          "type": "globalContexts"
        },
        {
          "type": "renderModule",
          "assetId": "SEZ-EKiSKUiS",
          "checksum": "cb26421ffd9680036275df3335f786f6"
        },
        {
          "type": "cssRules",
          "assetId": "SEZ-EKiSKUiS",
          "checksum": "cb26421ffd9680036275df3335f786f6"
        },
        {
          "type": "renderModule",
          "assetId": "6Qwt5LyThyp9",
          "checksum": "829e2ecab5f50c4bb5c189da3c16120d"
        },
        {
          "type": "cssRules",
          "assetId": "6Qwt5LyThyp9",
          "checksum": "829e2ecab5f50c4bb5c189da3c16120d"
        },
        {
          "type": "renderModule",
          "assetId": "TXwglw5LPRdv",
          "checksum": "2fb49c776803562395df1a17dafc761a"
        },
        {
          "type": "cssRules",
          "assetId": "TXwglw5LPRdv",
          "checksum": "2fb49c776803562395df1a17dafc761a"
        },
        {
          "type": "renderModule",
          "assetId": "T35z79qnz4CS",
          "checksum": "57bf46c22a5d9b9d4358c0f8764d1b3d"
        },
        {
          "type": "cssRules",
          "assetId": "T35z79qnz4CS",
          "checksum": "57bf46c22a5d9b9d4358c0f8764d1b3d"
        },
        {
          "type": "renderModule",
          "assetId": "Q1rUTn0MlELo",
          "checksum": "57ceafe1e47d4c96a0c4c3711a7da301"
        },
        {
          "type": "cssRules",
          "assetId": "Q1rUTn0MlELo",
          "checksum": "57ceafe1e47d4c96a0c4c3711a7da301"
        },
        {
          "type": "renderModule",
          "assetId": "N9dw7A5dJwIG",
          "checksum": "8d2ff1f94bfaf3d11c1ee2d28daa6bf7"
        },
        {
          "type": "cssRules",
          "assetId": "N9dw7A5dJwIG",
          "checksum": "8d2ff1f94bfaf3d11c1ee2d28daa6bf7"
        },
        {
          "type": "renderModule",
          "assetId": "lyuxy2GefKah",
          "checksum": "03f88c61b9540b98f6f267884dba561c"
        },
        {
          "type": "cssRules",
          "assetId": "lyuxy2GefKah",
          "checksum": "03f88c61b9540b98f6f267884dba561c"
        },
        {
          "type": "renderModule",
          "assetId": "1hegvDmx6W9E",
          "checksum": "5fc166a35cdcaf4a843f1b144282324f"
        },
        {
          "type": "cssRules",
          "assetId": "1hegvDmx6W9E",
          "checksum": "5fc166a35cdcaf4a843f1b144282324f"
        },
        {
          "type": "renderModule",
          "assetId": "bbKGkJoUqbIZ",
          "checksum": "2e46b5328bea652e28e5ba7ea1470ef3"
        },
        {
          "type": "cssRules",
          "assetId": "bbKGkJoUqbIZ",
          "checksum": "2e46b5328bea652e28e5ba7ea1470ef3"
        },
        {
          "type": "icon",
          "assetId": "nXf8CYGwE4SA",
          "checksum": "59e7308de18a9be8252d0adfb37959c5"
        },
        {
          "type": "icon",
          "assetId": "3m3fsfx9bNC_",
          "checksum": "97295a44d8c277cc8827fa2d242fabae"
        },
        {
          "type": "icon",
          "assetId": "G8aALch74DHO",
          "checksum": "846f5b9a50c05a1dba8971f7d79db1c8"
        },
        {
          "type": "icon",
          "assetId": "Pd4zaT4q7XG6",
          "checksum": "07f9b469839269724f2764fbb2dfaff8"
        },
        {
          "type": "icon",
          "assetId": "cuDzhvDiDWRu",
          "checksum": "4b567f462dd0575bce03dfddee0e2227"
        },
        {
          "type": "icon",
          "assetId": "AEoFua48XFYN",
          "checksum": "aab929935a8f0cd2ec7719ffa3960a5d"
        },
        {
          "type": "icon",
          "assetId": "F0NrwgG6ZxaO",
          "checksum": "a29e1d3abc4683e755d34668566507c5"
        },
        {
          "type": "icon",
          "assetId": "tnwTMdzph0Bo",
          "checksum": "581b5eea6c9f9e662aae9ae081fa0a02"
        },
        {
          "type": "icon",
          "assetId": "APlwQgaVW1zK",
          "checksum": "801db4a27f5f70a02b51d3964056948b"
        },
        {
          "type": "icon",
          "assetId": "MjyJiNLnC-Im",
          "checksum": "428228734fc760cf24726e0dce99fb10"
        },
        {
          "type": "icon",
          "assetId": "oONGlI5XnBjT",
          "checksum": "2b9ad09e4ad6821363b142b6b644dfe7"
        },
        {
          "type": "icon",
          "assetId": "WzTGLF6KdQN3",
          "checksum": "38e57da5937446f9ae20755f5c8daca4"
        },
        {
          "type": "icon",
          "assetId": "r0tRVp3Pkl1R",
          "checksum": "3604d95cc3e226fe78041c35b4ddd51e"
        },
        {
          "type": "icon",
          "assetId": "QYtViaWdzu7E",
          "checksum": "104e7defbfe3d7ccb80d9f8673e51825"
        },
        {
          "type": "icon",
          "assetId": "-ZavcDLOxXRR",
          "checksum": "02d6853718d919c4d778274054df8545"
        },
        {
          "type": "icon",
          "assetId": "T89ROJGhrPRj",
          "checksum": "3f92ffaa4c131a3e2a094dc0ffb776e2"
        },
        {
          "type": "icon",
          "assetId": "__jn_kdFDPwW",
          "checksum": "529880365fc62a8ebe0247d9817a1269"
        },
        {
          "type": "image",
          "assetId": "o5o2VBtlFYiA",
          "checksum": "65af0c94524eae516b927c6d2c44535e"
        },
        {
          "type": "image",
          "assetId": "RuLgCQj9tOHW",
          "checksum": "4d6d06772e4e00403133cff1924fdbf1"
        },
        {
          "type": "renderModule",
          "assetId": "6aGTi8PwQvO7",
          "checksum": "f233e418170ab7d65baf5331e9ba055e"
        },
        {
          "type": "cssRules",
          "assetId": "6aGTi8PwQvO7",
          "checksum": "f233e418170ab7d65baf5331e9ba055e"
        },
        {
          "type": "renderModule",
          "assetId": "meZq6_ZZzlPV",
          "checksum": "c1980643c1d95834175acb862a623383"
        },
        {
          "type": "cssRules",
          "assetId": "meZq6_ZZzlPV",
          "checksum": "c1980643c1d95834175acb862a623383"
        },
        {
          "type": "icon",
          "assetId": "Ji1j1lUZSC50",
          "checksum": "a86bc7bca06e3e8ac436cba5826c181e"
        },
        {
          "type": "icon",
          "assetId": "J6988OkPWAku",
          "checksum": "4f3028d4ea0c382162d88a949008e76a"
        },
        {
          "type": "image",
          "assetId": "b0Sj5VeVM6N7",
          "checksum": "583628883ebad4f705e76256f706cc6a"
        },
        {
          "assetId": "i2nNPeRNQPEP9BPre46c64",
          "type": "projectCss",
          "checksum": "9928b0a2289b2bb48e38b051c9f45376"
        }
      ],
      "codegenVersion": "0.0.1"
    }
  ],
  "cliVersion": "0.1.334"
}
